# THIS IS AN AUTOGENERATED FILE. DO NOT EDIT THIS FILE DIRECTLY.
# yarn lockfile v1


"@types/node@^6.0.46":
  version "6.0.89"
  resolved "http://r.cnpmjs.org/@types/node/download/@types/node-6.0.89.tgz#154be0e6a823760cd6083aa8c48f952e2e63e0b0"

async@2.1.4:
  version "2.1.4"
  resolved "http://r.cnpmjs.org/async/download/async-2.1.4.tgz#2d2160c7788032e4dd6cbe2502f1f9a2c8f6cde4"
  dependencies:
    lodash "^4.14.0"

asynckit@^0.4.0:
  version "0.4.0"
  resolved "http://r.cnpmjs.org/asynckit/download/asynckit-0.4.0.tgz#c79ed97f7f34cb8f2ba1bc9790bcc366474b4b79"

bluebird@^3.5.0:
  version "3.5.1"
  resolved "http://r.cnpmjs.org/bluebird/download/bluebird-3.5.1.tgz#d9551f9de98f1fcda1e683d17ee91a0602ee2eb9"

boolbase@~1.0.0:
  version "1.0.0"
  resolved "http://r.cnpmjs.org/boolbase/download/boolbase-1.0.0.tgz#68dff5fbe60c51eb37725ea9e3ed310dcc1e776e"

bson@~1.0.4:
  version "1.0.4"
  resolved "http://r.cnpmjs.org/bson/download/bson-1.0.4.tgz#93c10d39eaa5b58415cbc4052f3e53e562b0b72c"

buffer-shims@~1.0.0:
  version "1.0.0"
  resolved "http://r.cnpmjs.org/buffer-shims/download/buffer-shims-1.0.0.tgz#9978ce317388c649ad8793028c3477ef044a8b51"

cheerio@^1.0.0-rc.2:
  version "1.0.0-rc.2"
  resolved "http://r.cnpmjs.org/cheerio/download/cheerio-1.0.0-rc.2.tgz#4b9f53a81b27e4d5dac31c0ffd0cfa03cc6830db"
  dependencies:
    css-select "~1.2.0"
    dom-serializer "~0.1.0"
    entities "~1.1.1"
    htmlparser2 "^3.9.1"
    lodash "^4.15.0"
    parse5 "^3.0.1"

combined-stream@^1.0.5:
  version "1.0.5"
  resolved "http://r.cnpmjs.org/combined-stream/download/combined-stream-1.0.5.tgz#938370a57b4a51dea2c77c15d5c5fdf895164009"
  dependencies:
    delayed-stream "~1.0.0"

component-emitter@^1.2.0:
  version "1.2.1"
  resolved "http://r.cnpmjs.org/component-emitter/download/component-emitter-1.2.1.tgz#137918d6d78283f7df7a6b7c5a63e140e69425e6"

cookiejar@^2.1.0:
  version "2.1.1"
  resolved "http://r.cnpmjs.org/cookiejar/download/cookiejar-2.1.1.tgz#41ad57b1b555951ec171412a81942b1e8200d34a"

core-util-is@~1.0.0:
  version "1.0.2"
  resolved "http://r.cnpmjs.org/core-util-is/download/core-util-is-1.0.2.tgz#b5fd54220aa2bc5ab57aab7140c940754503c1a7"

css-select@~1.2.0:
  version "1.2.0"
  resolved "http://r.cnpmjs.org/css-select/download/css-select-1.2.0.tgz#2b3a110539c5355f1cd8d314623e870b121ec858"
  dependencies:
    boolbase "~1.0.0"
    css-what "2.1"
    domutils "1.5.1"
    nth-check "~1.0.1"

css-what@2.1:
  version "2.1.0"
  resolved "http://r.cnpmjs.org/css-what/download/css-what-2.1.0.tgz#9467d032c38cfaefb9f2d79501253062f87fa1bd"

debug@^2.6.9:
  version "2.6.9"
  resolved "http://r.cnpmjs.org/debug/download/debug-2.6.9.tgz#5d128515df134ff327e90a4c93f4e077a536341f"
  dependencies:
    ms "2.0.0"

debug@^3.1.0:
  version "3.1.0"
  resolved "http://r.cnpmjs.org/debug/download/debug-3.1.0.tgz#5bb5a0672628b64149566ba16819e61518c67261"
  dependencies:
    ms "2.0.0"

delayed-stream@~1.0.0:
  version "1.0.0"
  resolved "http://r.cnpmjs.org/delayed-stream/download/delayed-stream-1.0.0.tgz#df3ae199acadfb7d440aaae0b29e2272b24ec619"

dom-serializer@0, dom-serializer@~0.1.0:
  version "0.1.0"
  resolved "http://r.cnpmjs.org/dom-serializer/download/dom-serializer-0.1.0.tgz#073c697546ce0780ce23be4a28e293e40bc30c82"
  dependencies:
    domelementtype "~1.1.1"
    entities "~1.1.1"

domelementtype@1, domelementtype@^1.3.0:
  version "1.3.0"
  resolved "http://r.cnpmjs.org/domelementtype/download/domelementtype-1.3.0.tgz#b17aed82e8ab59e52dd9c19b1756e0fc187204c2"

domelementtype@~1.1.1:
  version "1.1.3"
  resolved "http://r.cnpmjs.org/domelementtype/download/domelementtype-1.1.3.tgz#bd28773e2642881aec51544924299c5cd822185b"

domhandler@^2.3.0:
  version "2.4.1"
  resolved "http://r.cnpmjs.org/domhandler/download/domhandler-2.4.1.tgz#892e47000a99be55bbf3774ffea0561d8879c259"
  dependencies:
    domelementtype "1"

domutils@1.5.1, domutils@^1.5.1:
  version "1.5.1"
  resolved "http://r.cnpmjs.org/domutils/download/domutils-1.5.1.tgz#dcd8488a26f563d61079e48c9f7b7e32373682cf"
  dependencies:
    dom-serializer "0"
    domelementtype "1"

entities@^1.1.1, entities@~1.1.1:
  version "1.1.1"
  resolved "http://r.cnpmjs.org/entities/download/entities-1.1.1.tgz#6e5c2d0a5621b5dadaecef80b90edfb5cd7772f0"

es6-promise@3.2.1:
  version "3.2.1"
  resolved "http://r.cnpmjs.org/es6-promise/download/es6-promise-3.2.1.tgz#ec56233868032909207170c39448e24449dd1fc4"

extend@^3.0.0:
  version "3.0.1"
  resolved "http://r.cnpmjs.org/extend/download/extend-3.0.1.tgz#a755ea7bc1adfcc5a31ce7e762dbaadc5e636444"

form-data@^2.3.1:
  version "2.3.1"
  resolved "http://r.cnpmjs.org/form-data/download/form-data-2.3.1.tgz#6fb94fbd71885306d73d15cc497fe4cc4ecd44bf"
  dependencies:
    asynckit "^0.4.0"
    combined-stream "^1.0.5"
    mime-types "^2.1.12"

formidable@^1.1.1:
  version "1.1.1"
  resolved "http://r.cnpmjs.org/formidable/download/formidable-1.1.1.tgz#96b8886f7c3c3508b932d6bd70c4d3a88f35f1a9"

hooks-fixed@2.0.0:
  version "2.0.0"
  resolved "http://r.cnpmjs.org/hooks-fixed/download/hooks-fixed-2.0.0.tgz#a01d894d52ac7f6599bbb1f63dfc9c411df70cba"

htmlparser2@^3.9.1:
  version "3.9.2"
  resolved "http://r.cnpmjs.org/htmlparser2/download/htmlparser2-3.9.2.tgz#1bdf87acca0f3f9e53fa4fcceb0f4b4cbb00b338"
  dependencies:
    domelementtype "^1.3.0"
    domhandler "^2.3.0"
    domutils "^1.5.1"
    entities "^1.1.1"
    inherits "^2.0.1"
    readable-stream "^2.0.2"

iconv-lite@~0.4.11:
  version "0.4.19"
  resolved "http://r.cnpmjs.org/iconv-lite/download/iconv-lite-0.4.19.tgz#f7468f60135f5e5dad3399c0a81be9a1603a082b"

inherits@^2.0.1, inherits@~2.0.1, inherits@~2.0.3:
  version "2.0.3"
  resolved "http://r.cnpmjs.org/inherits/download/inherits-2.0.3.tgz#633c2c83e3da42a502f52466022480f4208261de"

isarray@~1.0.0:
  version "1.0.0"
  resolved "http://r.cnpmjs.org/isarray/download/isarray-1.0.0.tgz#bb935d48582cba168c06834957a54a3e07124f11"

kareem@1.5.0:
  version "1.5.0"
  resolved "http://r.cnpmjs.org/kareem/download/kareem-1.5.0.tgz#e3e4101d9dcfde299769daf4b4db64d895d17448"

lodash@^4.14.0, lodash@^4.15.0:
  version "4.17.4"
  resolved "http://r.cnpmjs.org/lodash/download/lodash-4.17.4.tgz#78203a4d1c328ae1d86dca6460e369b57f4055ae"

methods@^1.1.1:
  version "1.1.2"
  resolved "http://r.cnpmjs.org/methods/download/methods-1.1.2.tgz#5529a4d67654134edcc5266656835b0f851afcee"

mime-db@~1.30.0:
  version "1.30.0"
  resolved "http://r.cnpmjs.org/mime-db/download/mime-db-1.30.0.tgz#74c643da2dd9d6a45399963465b26d5ca7d71f01"

mime-types@^2.1.12:
  version "2.1.17"
  resolved "http://r.cnpmjs.org/mime-types/download/mime-types-2.1.17.tgz#09d7a393f03e995a79f8af857b70a9e0ab16557a"
  dependencies:
    mime-db "~1.30.0"

mime@^1.4.1:
  version "1.4.1"
  resolved "http://r.cnpmjs.org/mime/download/mime-1.4.1.tgz#121f9ebc49e3766f311a76e1fa1c8003c4b03aa6"

mongodb-core@2.1.17:
  version "2.1.17"
  resolved "http://r.cnpmjs.org/mongodb-core/download/mongodb-core-2.1.17.tgz#a418b337a14a14990fb510b923dee6a813173df8"
  dependencies:
    bson "~1.0.4"
    require_optional "~1.0.0"

mongodb@2.2.33:
  version "2.2.33"
  resolved "http://r.cnpmjs.org/mongodb/download/mongodb-2.2.33.tgz#b537c471d34a6651b48f36fdbf29750340e08b50"
  dependencies:
    es6-promise "3.2.1"
    mongodb-core "2.1.17"
    readable-stream "2.2.7"

mongoose@^4.12.3:
  version "4.12.3"
  resolved "http://r.cnpmjs.org/mongoose/download/mongoose-4.12.3.tgz#7099bf8ce4945150001f4c2462e56c9e958ddcb9"
  dependencies:
    async "2.1.4"
    bson "~1.0.4"
    hooks-fixed "2.0.0"
    kareem "1.5.0"
    mongodb "2.2.33"
    mpath "0.3.0"
    mpromise "0.5.5"
    mquery "2.3.2"
    ms "2.0.0"
    muri "1.3.0"
    regexp-clone "0.0.1"
    sliced "1.0.1"

mpath@0.3.0:
  version "0.3.0"
  resolved "http://r.cnpmjs.org/mpath/download/mpath-0.3.0.tgz#7a58f789e9b5fd3c94520634157960f26bd5ef44"

mpromise@0.5.5:
  version "0.5.5"
  resolved "http://r.cnpmjs.org/mpromise/download/mpromise-0.5.5.tgz#f5b24259d763acc2257b0a0c8c6d866fd51732e6"

mquery@2.3.2:
  version "2.3.2"
  resolved "http://r.cnpmjs.org/mquery/download/mquery-2.3.2.tgz#e2c60ad117cf080f2efb1ecdd144e7bbffbfca11"
  dependencies:
    bluebird "^3.5.0"
    debug "^2.6.9"
    regexp-clone "^0.0.1"
    sliced "0.0.5"

ms@2.0.0:
  version "2.0.0"
  resolved "http://r.cnpmjs.org/ms/download/ms-2.0.0.tgz#5608aeadfc00be6c2901df5f9861788de0d597c8"

muri@1.3.0:
  version "1.3.0"
  resolved "http://r.cnpmjs.org/muri/download/muri-1.3.0.tgz#aeccf3db64c56aa7c5b34e00f95b7878527a4721"

nth-check@~1.0.1:
  version "1.0.1"
  resolved "http://r.cnpmjs.org/nth-check/download/nth-check-1.0.1.tgz#9929acdf628fc2c41098deab82ac580cf149aae4"
  dependencies:
    boolbase "~1.0.0"

parse5@^3.0.1:
  version "3.0.2"
  resolved "http://r.cnpmjs.org/parse5/download/parse5-3.0.2.tgz#05eff57f0ef4577fb144a79f8b9a967a6cc44510"
  dependencies:
    "@types/node" "^6.0.46"

process-nextick-args@~1.0.6:
  version "1.0.7"
  resolved "http://r.cnpmjs.org/process-nextick-args/download/process-nextick-args-1.0.7.tgz#150e20b756590ad3f91093f25a4f2ad8bff30ba3"

qs@^6.5.1:
  version "6.5.1"
  resolved "http://r.cnpmjs.org/qs/download/qs-6.5.1.tgz#349cdf6eef89ec45c12d7d5eb3fc0c870343a6d8"

readable-stream@2.2.7:
  version "2.2.7"
  resolved "http://r.cnpmjs.org/readable-stream/download/readable-stream-2.2.7.tgz#07057acbe2467b22042d36f98c5ad507054e95b1"
  dependencies:
    buffer-shims "~1.0.0"
    core-util-is "~1.0.0"
    inherits "~2.0.1"
    isarray "~1.0.0"
    process-nextick-args "~1.0.6"
    string_decoder "~1.0.0"
    util-deprecate "~1.0.1"

readable-stream@^2.0.2, readable-stream@^2.0.5:
  version "2.3.3"
  resolved "http://r.cnpmjs.org/readable-stream/download/readable-stream-2.3.3.tgz#368f2512d79f9d46fdfc71349ae7878bbc1eb95c"
  dependencies:
    core-util-is "~1.0.0"
    inherits "~2.0.3"
    isarray "~1.0.0"
    process-nextick-args "~1.0.6"
    safe-buffer "~5.1.1"
    string_decoder "~1.0.3"
    util-deprecate "~1.0.1"

regexp-clone@0.0.1, regexp-clone@^0.0.1:
  version "0.0.1"
  resolved "http://r.cnpmjs.org/regexp-clone/download/regexp-clone-0.0.1.tgz#a7c2e09891fdbf38fbb10d376fb73003e68ac589"

require_optional@~1.0.0:
  version "1.0.1"
  resolved "http://r.cnpmjs.org/require_optional/download/require_optional-1.0.1.tgz#4cf35a4247f64ca3df8c2ef208cc494b1ca8fc2e"
  dependencies:
    resolve-from "^2.0.0"
    semver "^5.1.0"

resolve-from@^2.0.0:
  version "2.0.0"
  resolved "http://r.cnpmjs.org/resolve-from/download/resolve-from-2.0.0.tgz#9480ab20e94ffa1d9e80a804c7ea147611966b57"

safe-buffer@~5.1.0, safe-buffer@~5.1.1:
  version "5.1.1"
  resolved "http://r.cnpmjs.org/safe-buffer/download/safe-buffer-5.1.1.tgz#893312af69b2123def71f57889001671eeb2c853"

semver@^5.1.0:
  version "5.4.1"
  resolved "http://r.cnpmjs.org/semver/download/semver-5.4.1.tgz#e059c09d8571f0540823733433505d3a2f00b18e"

sliced@0.0.5:
  version "0.0.5"
  resolved "http://r.cnpmjs.org/sliced/download/sliced-0.0.5.tgz#5edc044ca4eb6f7816d50ba2fc63e25d8fe4707f"

sliced@1.0.1:
  version "1.0.1"
  resolved "http://r.cnpmjs.org/sliced/download/sliced-1.0.1.tgz#0b3a662b5d04c3177b1926bea82b03f837a2ef41"

string_decoder@~1.0.0, string_decoder@~1.0.3:
  version "1.0.3"
  resolved "http://r.cnpmjs.org/string_decoder/download/string_decoder-1.0.3.tgz#0fc67d7c141825de94282dd536bec6b9bce860ab"
  dependencies:
    safe-buffer "~5.1.0"

superagent@^3.6.3:
  version "3.6.3"
  resolved "http://r.cnpmjs.org/superagent/download/superagent-3.6.3.tgz#eb95fcb576a9d23a730a9d0789731b5379a36cdc"
  dependencies:
    component-emitter "^1.2.0"
    cookiejar "^2.1.0"
    debug "^3.1.0"
    extend "^3.0.0"
    form-data "^2.3.1"
    formidable "^1.1.1"
    methods "^1.1.1"
    mime "^1.4.1"
    qs "^6.5.1"
    readable-stream "^2.0.5"

urlencode@^1.1.0:
  version "1.1.0"
  resolved "http://r.cnpmjs.org/urlencode/download/urlencode-1.1.0.tgz#1f2ba26f013c85f0133f7a3ad6ff2730adf7cbb7"
  dependencies:
    iconv-lite "~0.4.11"

util-deprecate@~1.0.1:
  version "1.0.2"
  resolved "http://r.cnpmjs.org/util-deprecate/download/util-deprecate-1.0.2.tgz#450d4dc9fa70de732762fbd2d4a28981419a0ccf"
